{
  "requires": true,
  "lockfileVersion": 1,
  "dependencies": {
    "boom": {
      "version": "7.3.0",
      "resolved": "https://registry.npmjs.org/boom/-/boom-7.3.0.tgz",
      "integrity": "sha512-Swpoyi2t5+GhOEGw8rEsKvTxFLIDiiKoUc2gsoV6Lyr43LHBIzch3k2MvYUs8RTROrIkVJ3Al0TkaOGjnb+B6A==",
      "requires": {
        "hoek": "6.x.x"
      }
    },
    "bounce": {
      "version": "1.2.3",
      "resolved": "https://registry.npmjs.org/bounce/-/bounce-1.2.3.tgz",
      "integrity": "sha512-3G7B8CyBnip5EahCZJjnvQ1HLyArC6P5e+xcolo13BVI9ogFaDOsNMAE7FIWliHtIkYI8/nTRCvCY9tZa3Mu4g==",
      "requires": {
        "boom": "7.x.x",
        "hoek": "6.x.x"
      }
    },
    "hoek": {
      "version": "6.1.3",
      "resolved": "https://registry.npmjs.org/hoek/-/hoek-6.1.3.tgz",
      "integrity": "sha512-YXXAAhmF9zpQbC7LEcREFtXfGq5K1fmd+4PHkBq8NUqmzW3G+Dq10bI/i0KucLRwss3YYFQ0fSfoxBZYiGUqtQ=="
    }
  }
}
